PODS:
  - RxBluetoothKit (6.0.0):
    - RxSwift (~> 5.1)
  - RxSwift (5.1.3)

DEPENDENCIES:
  - RxBluetoothKit

SPEC REPOS:
  trunk:
    - RxBluetoothKit
    - RxSwift

SPEC CHECKSUMS:
  RxBluetoothKit: dad22912b15b74a40df8f60057f218d4e851746d
  RxSwift: 915abbdfb62214aa89ccd0b194d44fb478019b27

PODFILE CHECKSUM: 3203edf7749cca88082695d828e8ae9470358d14

COCOAPODS: 1.11.2
